
Microsoft Visual Studio Solution File, Format Version 12.00
# Visual Studio Version 17
VisualStudioVersion = 17.13.36105.23
MinimumVisualStudioVersion = 10.0.40219.1
Project("{FAE04EC0-301F-11D3-BF4B-00C04F79EFBC}") = "Producer", "Producer\Producer.csproj", "{B8FB4683-E116-47E2-8FC3-A4A63A26DDF9}"
EndProject
Project("{FAE04EC0-301F-11D3-BF4B-00C04F79EFBC}") = "Consumer", "Consumer\Consumer.csproj", "{129517B5-F630-4AFC-B1CD-85FD715A1639}"
EndProject
Global
	GlobalSection(SolutionConfigurationPlatforms) = preSolution
		Debug|Any CPU = Debug|Any CPU
		Release|Any CPU = Release|Any CPU
	EndGlobalSection
	GlobalSection(ProjectConfigurationPlatforms) = postSolution
		{B8FB4683-E116-47E2-8FC3-A4A63A26DDF9}.Debug|Any CPU.ActiveCfg = Debug|Any CPU
		{B8FB4683-E116-47E2-8FC3-A4A63A26DDF9}.Debug|Any CPU.Build.0 = Debug|Any CPU
		{B8FB4683-E116-47E2-8FC3-A4A63A26DDF9}.Release|Any CPU.ActiveCfg = Release|Any CPU
		{B8FB4683-E116-47E2-8FC3-A4A63A26DDF9}.Release|Any CPU.Build.0 = Release|Any CPU
		{129517B5-F630-4AFC-B1CD-85FD715A1639}.Debug|Any CPU.ActiveCfg = Debug|Any CPU
		{129517B5-F630-4AFC-B1CD-85FD715A1639}.Debug|Any CPU.Build.0 = Debug|Any CPU
		{129517B5-F630-4AFC-B1CD-85FD715A1639}.Release|Any CPU.ActiveCfg = Release|Any CPU
		{129517B5-F630-4AFC-B1CD-85FD715A1639}.Release|Any CPU.Build.0 = Release|Any CPU
	EndGlobalSection
	GlobalSection(SolutionProperties) = preSolution
		HideSolutionNode = FALSE
	EndGlobalSection
	GlobalSection(ExtensibilityGlobals) = postSolution
		SolutionGuid = {0D00E860-B885-40F1-9148-1CAC8932BED1}
	EndGlobalSection
EndGlobal
